
Microsoft Visual Studio Solution File, Format Version 12.00
# Visual Studio 2013
VisualStudioVersion = 12.0.21005.1
MinimumVisualStudioVersion = 10.0.40219.1
Project("{8BC9CEB8-8B4A-11D0-8D11-00A0C91BC942}") = "WordSegment", "WordSegment\WordSegment.vcxproj", "{3A60D5B9-6A0F-4A09-92FF-EDDC9E898DFE}"
EndProject
Project("{8BC9CEB8-8B4A-11D0-8D11-00A0C91BC942}") = "OpinionAnalysisVC", "OpinionAnalysisVC_1\OpinionAnalysisVC.vcxproj", "{06FEBB35-F948-49BF-B4A7-47FB1A71899A}"
EndProject
Global
	GlobalSection(SolutionConfigurationPlatforms) = preSolution
		Debug|Win32 = Debug|Win32
		Release|Win32 = Release|Win32
	EndGlobalSection
	GlobalSection(ProjectConfigurationPlatforms) = postSolution
		{3A60D5B9-6A0F-4A09-92FF-EDDC9E898DFE}.Debug|Win32.ActiveCfg = Debug|Win32
		{3A60D5B9-6A0F-4A09-92FF-EDDC9E898DFE}.Debug|Win32.Build.0 = Debug|Win32
		{3A60D5B9-6A0F-4A09-92FF-EDDC9E898DFE}.Release|Win32.ActiveCfg = Release|Win32
		{3A60D5B9-6A0F-4A09-92FF-EDDC9E898DFE}.Release|Win32.Build.0 = Release|Win32
		{06FEBB35-F948-49BF-B4A7-47FB1A71899A}.Debug|Win32.ActiveCfg = Debug|Win32
		{06FEBB35-F948-49BF-B4A7-47FB1A71899A}.Debug|Win32.Build.0 = Debug|Win32
		{06FEBB35-F948-49BF-B4A7-47FB1A71899A}.Release|Win32.ActiveCfg = Release|Win32
		{06FEBB35-F948-49BF-B4A7-47FB1A71899A}.Release|Win32.Build.0 = Release|Win32
	EndGlobalSection
	GlobalSection(SolutionProperties) = preSolution
		HideSolutionNode = FALSE
	EndGlobalSection
EndGlobal
